
Microsoft Visual Studio Solution File, Format Version 12.00
# Visual Studio 2012
Project("{FAE04EC0-301F-11D3-BF4B-00C04F79EFBC}") = "BaconDavisBC", "BaconDavisBC\BaconDavisBC.csproj", "{8C988A6D-8006-4FD3-BC8C-701C6CAA0C14}"
EndProject
Project("{FAE04EC0-301F-11D3-BF4B-00C04F79EFBC}") = "Domain", "Domain\Domain.csproj", "{31E598AE-C383-4489-9183-564997A0EFFE}"
EndProject
Project("{FAE04EC0-301F-11D3-BF4B-00C04F79EFBC}") = "XmlRepository", "XmlRepository\XmlRepository.csproj", "{BF83C59C-74B9-4F39-AE31-D675EE22D62F}"
EndProject
Project("{FAE04EC0-301F-11D3-BF4B-00C04F79EFBC}") = "Repository", "Repository\Repository.csproj", "{BCAA851A-1718-4F06-9E7A-F1208C586FB5}"
EndProject
Global
	GlobalSection(SolutionConfigurationPlatforms) = preSolution
		Debug|Any CPU = Debug|Any CPU
		Release|Any CPU = Release|Any CPU
	EndGlobalSection
	GlobalSection(ProjectConfigurationPlatforms) = postSolution
		{8C988A6D-8006-4FD3-BC8C-701C6CAA0C14}.Debug|Any CPU.ActiveCfg = Debug|Any CPU
		{8C988A6D-8006-4FD3-BC8C-701C6CAA0C14}.Debug|Any CPU.Build.0 = Debug|Any CPU
		{8C988A6D-8006-4FD3-BC8C-701C6CAA0C14}.Release|Any CPU.ActiveCfg = Release|Any CPU
		{8C988A6D-8006-4FD3-BC8C-701C6CAA0C14}.Release|Any CPU.Build.0 = Release|Any CPU
		{31E598AE-C383-4489-9183-564997A0EFFE}.Debug|Any CPU.ActiveCfg = Debug|Any CPU
		{31E598AE-C383-4489-9183-564997A0EFFE}.Debug|Any CPU.Build.0 = Debug|Any CPU
		{31E598AE-C383-4489-9183-564997A0EFFE}.Release|Any CPU.ActiveCfg = Release|Any CPU
		{31E598AE-C383-4489-9183-564997A0EFFE}.Release|Any CPU.Build.0 = Release|Any CPU
		{BF83C59C-74B9-4F39-AE31-D675EE22D62F}.Debug|Any CPU.ActiveCfg = Debug|Any CPU
		{BF83C59C-74B9-4F39-AE31-D675EE22D62F}.Debug|Any CPU.Build.0 = Debug|Any CPU
		{BF83C59C-74B9-4F39-AE31-D675EE22D62F}.Release|Any CPU.ActiveCfg = Release|Any CPU
		{BF83C59C-74B9-4F39-AE31-D675EE22D62F}.Release|Any CPU.Build.0 = Release|Any CPU
		{BCAA851A-1718-4F06-9E7A-F1208C586FB5}.Debug|Any CPU.ActiveCfg = Debug|Any CPU
		{BCAA851A-1718-4F06-9E7A-F1208C586FB5}.Debug|Any CPU.Build.0 = Debug|Any CPU
		{BCAA851A-1718-4F06-9E7A-F1208C586FB5}.Release|Any CPU.ActiveCfg = Release|Any CPU
		{BCAA851A-1718-4F06-9E7A-F1208C586FB5}.Release|Any CPU.Build.0 = Release|Any CPU
	EndGlobalSection
	GlobalSection(SolutionProperties) = preSolution
		HideSolutionNode = FALSE
	EndGlobalSection
EndGlobal
